
Microsoft Visual Studio Solution File, Format Version 12.00
Project("{FAE04EC0-301F-11D3-BF4B-00C04F79EFBC}") = "MedSafety.Core", "MedSafety.Core\MedSafety.Core.csproj", "{0275C021-C16B-4839-8A16-C0FC258AC9F2}"
EndProject
Global
	GlobalSection(SolutionConfigurationPlatforms) = preSolution
		Debug|Any CPU = Debug|Any CPU
		Release|Any CPU = Release|Any CPU
	EndGlobalSection
	GlobalSection(ProjectConfigurationPlatforms) = postSolution
		{0275C021-C16B-4839-8A16-C0FC258AC9F2}.Debug|Any CPU.ActiveCfg = Debug|Any CPU
		{0275C021-C16B-4839-8A16-C0FC258AC9F2}.Debug|Any CPU.Build.0 = Debug|Any CPU
		{0275C021-C16B-4839-8A16-C0FC258AC9F2}.Release|Any CPU.ActiveCfg = Release|Any CPU
		{0275C021-C16B-4839-8A16-C0FC258AC9F2}.Release|Any CPU.Build.0 = Release|Any CPU
	EndGlobalSection
EndGlobal
